
Microsoft Visual Studio Solution File, Format Version 12.00
# Visual Studio 14
VisualStudioVersion = 14.0.25420.1
MinimumVisualStudioVersion = 10.0.40219.1
Project("{FAE04EC0-301F-11D3-BF4B-00C04F79EFBC}") = "unity-JBConsole", "unity-JBConsole\unity-JBConsole.csproj", "{20E56FAF-4731-4265-92D9-4098379FA75B}"
EndProject
Project("{FAE04EC0-301F-11D3-BF4B-00C04F79EFBC}") = "unity-JBConsole-editor", "unity-JBConsole-editor\unity-JBConsole-editor.csproj", "{7999A1CC-2D2B-479B-ABC8-F62541E61B9B}"
	ProjectSection(ProjectDependencies) = postProject
		{20E56FAF-4731-4265-92D9-4098379FA75B} = {20E56FAF-4731-4265-92D9-4098379FA75B}
	EndProjectSection
EndProject
Global
	GlobalSection(SolutionConfigurationPlatforms) = preSolution
		Debug|Any CPU = Debug|Any CPU
		Release|Any CPU = Release|Any CPU
	EndGlobalSection
	GlobalSection(ProjectConfigurationPlatforms) = postSolution
		{20E56FAF-4731-4265-92D9-4098379FA75B}.Debug|Any CPU.ActiveCfg = Debug|Any CPU
		{20E56FAF-4731-4265-92D9-4098379FA75B}.Debug|Any CPU.Build.0 = Debug|Any CPU
		{20E56FAF-4731-4265-92D9-4098379FA75B}.Release|Any CPU.ActiveCfg = Release|Any CPU
		{20E56FAF-4731-4265-92D9-4098379FA75B}.Release|Any CPU.Build.0 = Release|Any CPU
		{7999A1CC-2D2B-479B-ABC8-F62541E61B9B}.Debug|Any CPU.ActiveCfg = Debug|Any CPU
		{7999A1CC-2D2B-479B-ABC8-F62541E61B9B}.Debug|Any CPU.Build.0 = Debug|Any CPU
		{7999A1CC-2D2B-479B-ABC8-F62541E61B9B}.Release|Any CPU.ActiveCfg = Release|Any CPU
		{7999A1CC-2D2B-479B-ABC8-F62541E61B9B}.Release|Any CPU.Build.0 = Release|Any CPU
	EndGlobalSection
	GlobalSection(SolutionProperties) = preSolution
		HideSolutionNode = FALSE
	EndGlobalSection
EndGlobal
